version: 1
generated_at: 2026-06-15T13:15:49Z
internal: []
trusted:
  - action: actions/checkout
    refs:
      - v2.3.1
    occurrences:
      v2.3.1:
        .github/workflows/main.yml:
          - jobs.format.steps.[0].uses
          - jobs.test.steps.[0].uses
external:
  - action: erlef/setup-beam
    refs:
      - fc68ffb90438ef2936bbb3251622353b3dcb2f93
    occurrences:
      fc68ffb90438ef2936bbb3251622353b3dcb2f93:
        .github/workflows/main.yml:
          - jobs.format.steps.[1].uses
          - jobs.test.steps.[1].uses
local: []
docker: []
dynamic: []
