version: 1
generated_at: 2026-06-15T17:50:35Z
internal: []
trusted:
  - action: actions/checkout
    refs:
      - 28c7f3d2b5162b5ddd3dfd9a45aa55eaf396478b
    occurrences:
      28c7f3d2b5162b5ddd3dfd9a45aa55eaf396478b:
        .github/workflows/main.yml:
          - jobs.format.steps.[0].uses
          - jobs.test.steps.[0].uses
external:
  - action: erlef/setup-beam
    refs:
      - fc68ffb90438ef2936bbb3251622353b3dcb2f93
    occurrences:
      fc68ffb90438ef2936bbb3251622353b3dcb2f93:
        .github/workflows/main.yml:
          - jobs.format.steps.[1].uses
          - jobs.test.steps.[1].uses
local: []
docker: []
dynamic: []
